{
  "name": "web27-techmaster",
  "lockfileVersion": 2,
  "requires": true,
  "packages": {
    "": {
      "dependencies": {
        "bare-bones-slider": "^1.3.3"
      }
    },
    "node_modules/bare-bones-slider": {
      "version": "1.3.3",
      "resolved": "https://registry.npmjs.org/bare-bones-slider/-/bare-bones-slider-1.3.3.tgz",
      "integrity": "sha512-h8yz60SSCCMnXnh6l/MpfAJSAGPcW098BRnA+3BNJffyTYU9Kp9uzP+UmstQTVxEQkx0YCSa9HEeAKweMAUoQw==",
      "dependencies": {
        "jquery": ">=1.7"
      }
    },
    "node_modules/jquery": {
      "version": "3.6.1",
      "resolved": "https://registry.npmjs.org/jquery/-/jquery-3.6.1.tgz",
      "integrity": "sha512-opJeO4nCucVnsjiXOE+/PcCgYw9Gwpvs/a6B1LL/lQhwWwpbVEVYDZ1FokFr8PRc7ghYlrFPuyHuiiDNTQxmcw=="
    }
  },
  "dependencies": {
    "bare-bones-slider": {
      "version": "1.3.3",
      "resolved": "https://registry.npmjs.org/bare-bones-slider/-/bare-bones-slider-1.3.3.tgz",
      "integrity": "sha512-h8yz60SSCCMnXnh6l/MpfAJSAGPcW098BRnA+3BNJffyTYU9Kp9uzP+UmstQTVxEQkx0YCSa9HEeAKweMAUoQw==",
      "requires": {
        "jquery": ">=1.7"
      }
    },
    "jquery": {
      "version": "3.6.1",
      "resolved": "https://registry.npmjs.org/jquery/-/jquery-3.6.1.tgz",
      "integrity": "sha512-opJeO4nCucVnsjiXOE+/PcCgYw9Gwpvs/a6B1LL/lQhwWwpbVEVYDZ1FokFr8PRc7ghYlrFPuyHuiiDNTQxmcw=="
    }
  }
}
